
Microsoft Visual Studio Solution File, Format Version 12.00
# Visual Studio Version 17
VisualStudioVersion = 17.7.34221.43
MinimumVisualStudioVersion = 10.0.40219.1
Project("{FAE04EC0-301F-11D3-BF4B-00C04F79EFBC}") = "13.if statement", "13.if statement.csproj", "{B7AF5D9A-FD0C-448B-AC41-DCB849430B1E}"
EndProject
Global
	GlobalSection(SolutionConfigurationPlatforms) = preSolution
		Debug|Any CPU = Debug|Any CPU
		Release|Any CPU = Release|Any CPU
	EndGlobalSection
	GlobalSection(ProjectConfigurationPlatforms) = postSolution
		{B7AF5D9A-FD0C-448B-AC41-DCB849430B1E}.Debug|Any CPU.ActiveCfg = Debug|Any CPU
		{B7AF5D9A-FD0C-448B-AC41-DCB849430B1E}.Debug|Any CPU.Build.0 = Debug|Any CPU
		{B7AF5D9A-FD0C-448B-AC41-DCB849430B1E}.Release|Any CPU.ActiveCfg = Release|Any CPU
		{B7AF5D9A-FD0C-448B-AC41-DCB849430B1E}.Release|Any CPU.Build.0 = Release|Any CPU
	EndGlobalSection
	GlobalSection(SolutionProperties) = preSolution
		HideSolutionNode = FALSE
	EndGlobalSection
	GlobalSection(ExtensibilityGlobals) = postSolution
		SolutionGuid = {DAE457F1-F217-453C-AA5B-286EAB3E5426}
	EndGlobalSection
EndGlobal
